
Microsoft Visual Studio Solution File, Format Version 12.00
# Visual Studio 2012
Project("{FAE04EC0-301F-11D3-BF4B-00C04F79EFBC}") = "ClassicDungeonGenerator", "ClassicDungeonGenerator\ClassicDungeonGenerator.csproj", "{A99B6915-BA1F-4D60-A89E-698B9C1AED72}"
EndProject
Project("{FAE04EC0-301F-11D3-BF4B-00C04F79EFBC}") = "DungeonTests", "DungeonTests\DungeonTests.csproj", "{6FA8827D-51D1-4E58-A87F-750317B9DD61}"
EndProject
Project("{FAE04EC0-301F-11D3-BF4B-00C04F79EFBC}") = "DungeonGeneratorDesktop", "DungeonGeneratorDesktop\DungeonGeneratorDesktop.csproj", "{2F2C3747-AB0F-4C8C-A51B-B34B1577FD12}"
EndProject
Global
	GlobalSection(SolutionConfigurationPlatforms) = preSolution
		Debug|Any CPU = Debug|Any CPU
		Release|Any CPU = Release|Any CPU
	EndGlobalSection
	GlobalSection(ProjectConfigurationPlatforms) = postSolution
		{A99B6915-BA1F-4D60-A89E-698B9C1AED72}.Debug|Any CPU.ActiveCfg = Debug|Any CPU
		{A99B6915-BA1F-4D60-A89E-698B9C1AED72}.Debug|Any CPU.Build.0 = Debug|Any CPU
		{A99B6915-BA1F-4D60-A89E-698B9C1AED72}.Release|Any CPU.ActiveCfg = Release|Any CPU
		{A99B6915-BA1F-4D60-A89E-698B9C1AED72}.Release|Any CPU.Build.0 = Release|Any CPU
		{6FA8827D-51D1-4E58-A87F-750317B9DD61}.Debug|Any CPU.ActiveCfg = Debug|Any CPU
		{6FA8827D-51D1-4E58-A87F-750317B9DD61}.Debug|Any CPU.Build.0 = Debug|Any CPU
		{6FA8827D-51D1-4E58-A87F-750317B9DD61}.Release|Any CPU.ActiveCfg = Release|Any CPU
		{6FA8827D-51D1-4E58-A87F-750317B9DD61}.Release|Any CPU.Build.0 = Release|Any CPU
		{2F2C3747-AB0F-4C8C-A51B-B34B1577FD12}.Debug|Any CPU.ActiveCfg = Debug|Any CPU
		{2F2C3747-AB0F-4C8C-A51B-B34B1577FD12}.Debug|Any CPU.Build.0 = Debug|Any CPU
		{2F2C3747-AB0F-4C8C-A51B-B34B1577FD12}.Release|Any CPU.ActiveCfg = Release|Any CPU
		{2F2C3747-AB0F-4C8C-A51B-B34B1577FD12}.Release|Any CPU.Build.0 = Release|Any CPU
	EndGlobalSection
	GlobalSection(SolutionProperties) = preSolution
		HideSolutionNode = FALSE
	EndGlobalSection
EndGlobal
